
Microsoft Visual Studio Solution File, Format Version 12.00
# Visual Studio Version 16
VisualStudioVersion = 16.0.30309.148
MinimumVisualStudioVersion = 10.0.40219.1
Project("{9A19103F-16F7-4668-BE54-9A1E7A4F7556}") = "Cubic Assault", "Cubic Assault.csproj", "{E41DE06A-A3BD-421F-AF55-152556CA2846}"
EndProject
Global
	GlobalSection(SolutionConfigurationPlatforms) = preSolution
		Debug|Any CPU = Debug|Any CPU
		Release|Any CPU = Release|Any CPU
	EndGlobalSection
	GlobalSection(ProjectConfigurationPlatforms) = postSolution
		{E41DE06A-A3BD-421F-AF55-152556CA2846}.Debug|Any CPU.ActiveCfg = Debug|Any CPU
		{E41DE06A-A3BD-421F-AF55-152556CA2846}.Debug|Any CPU.Build.0 = Debug|Any CPU
		{E41DE06A-A3BD-421F-AF55-152556CA2846}.Release|Any CPU.ActiveCfg = Release|Any CPU
		{E41DE06A-A3BD-421F-AF55-152556CA2846}.Release|Any CPU.Build.0 = Release|Any CPU
	EndGlobalSection
	GlobalSection(SolutionProperties) = preSolution
		HideSolutionNode = FALSE
	EndGlobalSection
	GlobalSection(ExtensibilityGlobals) = postSolution
		SolutionGuid = {1D0FB941-34EF-43C2-AF7C-5B1E1BFC406F}
	EndGlobalSection
EndGlobal
