
Microsoft Visual Studio Solution File, Format Version 12.00
# Visual Studio Version 16
VisualStudioVersion = 16.0.30309.148
MinimumVisualStudioVersion = 10.0.40219.1
Project("{9A19103F-16F7-4668-BE54-9A1E7A4F7556}") = "The V-Logger", "The V-Logger.csproj", "{9C3239EC-B7BF-4BB2-B84C-97FACE7309DB}"
EndProject
Global
	GlobalSection(SolutionConfigurationPlatforms) = preSolution
		Debug|Any CPU = Debug|Any CPU
		Release|Any CPU = Release|Any CPU
	EndGlobalSection
	GlobalSection(ProjectConfigurationPlatforms) = postSolution
		{9C3239EC-B7BF-4BB2-B84C-97FACE7309DB}.Debug|Any CPU.ActiveCfg = Debug|Any CPU
		{9C3239EC-B7BF-4BB2-B84C-97FACE7309DB}.Debug|Any CPU.Build.0 = Debug|Any CPU
		{9C3239EC-B7BF-4BB2-B84C-97FACE7309DB}.Release|Any CPU.ActiveCfg = Release|Any CPU
		{9C3239EC-B7BF-4BB2-B84C-97FACE7309DB}.Release|Any CPU.Build.0 = Release|Any CPU
	EndGlobalSection
	GlobalSection(SolutionProperties) = preSolution
		HideSolutionNode = FALSE
	EndGlobalSection
	GlobalSection(ExtensibilityGlobals) = postSolution
		SolutionGuid = {0A7BCB6D-BA52-4ED0-9728-EA90BB64C00E}
	EndGlobalSection
EndGlobal
