
Microsoft Visual Studio Solution File, Format Version 12.00
# Visual Studio Version 16
VisualStudioVersion = 16.0.30309.148
MinimumVisualStudioVersion = 10.0.40219.1
Project("{9A19103F-16F7-4668-BE54-9A1E7A4F7556}") = "SoftUni Parking", "SoftUni Parking.csproj", "{604307F1-D487-4642-935D-BCDA95BC2101}"
EndProject
Global
	GlobalSection(SolutionConfigurationPlatforms) = preSolution
		Debug|Any CPU = Debug|Any CPU
		Release|Any CPU = Release|Any CPU
	EndGlobalSection
	GlobalSection(ProjectConfigurationPlatforms) = postSolution
		{604307F1-D487-4642-935D-BCDA95BC2101}.Debug|Any CPU.ActiveCfg = Debug|Any CPU
		{604307F1-D487-4642-935D-BCDA95BC2101}.Debug|Any CPU.Build.0 = Debug|Any CPU
		{604307F1-D487-4642-935D-BCDA95BC2101}.Release|Any CPU.ActiveCfg = Release|Any CPU
		{604307F1-D487-4642-935D-BCDA95BC2101}.Release|Any CPU.Build.0 = Release|Any CPU
	EndGlobalSection
	GlobalSection(SolutionProperties) = preSolution
		HideSolutionNode = FALSE
	EndGlobalSection
	GlobalSection(ExtensibilityGlobals) = postSolution
		SolutionGuid = {E8B53327-54A4-475E-9915-61213BDCD40F}
	EndGlobalSection
EndGlobal
