
Microsoft Visual Studio Solution File, Format Version 12.00
# Visual Studio Version 16
VisualStudioVersion = 16.0.30309.148
MinimumVisualStudioVersion = 10.0.40219.1
Project("{9A19103F-16F7-4668-BE54-9A1E7A4F7556}") = "Periodic Table", "Periodic Table.csproj", "{43D9C044-A459-4B0E-BFB5-43C5070BCCE7}"
EndProject
Global
	GlobalSection(SolutionConfigurationPlatforms) = preSolution
		Debug|Any CPU = Debug|Any CPU
		Release|Any CPU = Release|Any CPU
	EndGlobalSection
	GlobalSection(ProjectConfigurationPlatforms) = postSolution
		{43D9C044-A459-4B0E-BFB5-43C5070BCCE7}.Debug|Any CPU.ActiveCfg = Debug|Any CPU
		{43D9C044-A459-4B0E-BFB5-43C5070BCCE7}.Debug|Any CPU.Build.0 = Debug|Any CPU
		{43D9C044-A459-4B0E-BFB5-43C5070BCCE7}.Release|Any CPU.ActiveCfg = Release|Any CPU
		{43D9C044-A459-4B0E-BFB5-43C5070BCCE7}.Release|Any CPU.Build.0 = Release|Any CPU
	EndGlobalSection
	GlobalSection(SolutionProperties) = preSolution
		HideSolutionNode = FALSE
	EndGlobalSection
	GlobalSection(ExtensibilityGlobals) = postSolution
		SolutionGuid = {50CD898C-6A03-4E0C-83C3-E0CB137E6F7A}
	EndGlobalSection
EndGlobal
