
Microsoft Visual Studio Solution File, Format Version 12.00
# Visual Studio Version 16
VisualStudioVersion = 16.0.29424.173
MinimumVisualStudioVersion = 10.0.40219.1
Project("{FAE04EC0-301F-11D3-BF4B-00C04F79EFBC}") = "01. Data Types", "..\01. Data Types\01. Data Types.csproj", "{2699EE56-97C3-4CB5-8924-01BC10366C86}"
EndProject
Project("{FAE04EC0-301F-11D3-BF4B-00C04F79EFBC}") = "02. Center Point", "..\02. Center Point\02. Center Point.csproj", "{D9D368BC-B15E-41CB-8142-6A9FF86DF26B}"
EndProject
Project("{FAE04EC0-301F-11D3-BF4B-00C04F79EFBC}") = "03. Longer Line", "..\03. Longer Line\03. Longer Line.csproj", "{BCFF8CF7-2FFA-4EFF-9A9D-F2DF13D6D90E}"
EndProject
Project("{FAE04EC0-301F-11D3-BF4B-00C04F79EFBC}") = "04. Tribonacci Sequence", "..\04. Tribonacci Sequence\04. Tribonacci Sequence.csproj", "{4175474E-2614-4AC4-A641-7CC60058E248}"
EndProject
Project("{FAE04EC0-301F-11D3-BF4B-00C04F79EFBC}") = "05. Multiplication Sign", "..\05. Multiplication Sign\05. Multiplication Sign.csproj", "{27F7F7FC-2F3D-491A-95C2-DDC1624051B6}"
EndProject
Global
	GlobalSection(SolutionConfigurationPlatforms) = preSolution
		Debug|Any CPU = Debug|Any CPU
		Release|Any CPU = Release|Any CPU
	EndGlobalSection
	GlobalSection(ProjectConfigurationPlatforms) = postSolution
		{2699EE56-97C3-4CB5-8924-01BC10366C86}.Debug|Any CPU.ActiveCfg = Debug|Any CPU
		{2699EE56-97C3-4CB5-8924-01BC10366C86}.Debug|Any CPU.Build.0 = Debug|Any CPU
		{2699EE56-97C3-4CB5-8924-01BC10366C86}.Release|Any CPU.ActiveCfg = Release|Any CPU
		{2699EE56-97C3-4CB5-8924-01BC10366C86}.Release|Any CPU.Build.0 = Release|Any CPU
		{D9D368BC-B15E-41CB-8142-6A9FF86DF26B}.Debug|Any CPU.ActiveCfg = Debug|Any CPU
		{D9D368BC-B15E-41CB-8142-6A9FF86DF26B}.Debug|Any CPU.Build.0 = Debug|Any CPU
		{D9D368BC-B15E-41CB-8142-6A9FF86DF26B}.Release|Any CPU.ActiveCfg = Release|Any CPU
		{D9D368BC-B15E-41CB-8142-6A9FF86DF26B}.Release|Any CPU.Build.0 = Release|Any CPU
		{BCFF8CF7-2FFA-4EFF-9A9D-F2DF13D6D90E}.Debug|Any CPU.ActiveCfg = Debug|Any CPU
		{BCFF8CF7-2FFA-4EFF-9A9D-F2DF13D6D90E}.Debug|Any CPU.Build.0 = Debug|Any CPU
		{BCFF8CF7-2FFA-4EFF-9A9D-F2DF13D6D90E}.Release|Any CPU.ActiveCfg = Release|Any CPU
		{BCFF8CF7-2FFA-4EFF-9A9D-F2DF13D6D90E}.Release|Any CPU.Build.0 = Release|Any CPU
		{4175474E-2614-4AC4-A641-7CC60058E248}.Debug|Any CPU.ActiveCfg = Debug|Any CPU
		{4175474E-2614-4AC4-A641-7CC60058E248}.Debug|Any CPU.Build.0 = Debug|Any CPU
		{4175474E-2614-4AC4-A641-7CC60058E248}.Release|Any CPU.ActiveCfg = Release|Any CPU
		{4175474E-2614-4AC4-A641-7CC60058E248}.Release|Any CPU.Build.0 = Release|Any CPU
		{27F7F7FC-2F3D-491A-95C2-DDC1624051B6}.Debug|Any CPU.ActiveCfg = Debug|Any CPU
		{27F7F7FC-2F3D-491A-95C2-DDC1624051B6}.Debug|Any CPU.Build.0 = Debug|Any CPU
		{27F7F7FC-2F3D-491A-95C2-DDC1624051B6}.Release|Any CPU.ActiveCfg = Release|Any CPU
		{27F7F7FC-2F3D-491A-95C2-DDC1624051B6}.Release|Any CPU.Build.0 = Release|Any CPU
	EndGlobalSection
	GlobalSection(SolutionProperties) = preSolution
		HideSolutionNode = FALSE
	EndGlobalSection
	GlobalSection(ExtensibilityGlobals) = postSolution
		SolutionGuid = {CF216223-FDD7-465B-9471-38BB63E91A1D}
	EndGlobalSection
EndGlobal
