
Microsoft Visual Studio Solution File, Format Version 12.00
# Visual Studio Version 16
VisualStudioVersion = 16.0.30309.148
MinimumVisualStudioVersion = 10.0.40219.1
Project("{9A19103F-16F7-4668-BE54-9A1E7A4F7556}") = "Gauss' Trick", "Gauss' Trick.csproj", "{D3F4731D-0107-495D-A85C-8D467015A55E}"
EndProject
Global
	GlobalSection(SolutionConfigurationPlatforms) = preSolution
		Debug|Any CPU = Debug|Any CPU
		Release|Any CPU = Release|Any CPU
	EndGlobalSection
	GlobalSection(ProjectConfigurationPlatforms) = postSolution
		{D3F4731D-0107-495D-A85C-8D467015A55E}.Debug|Any CPU.ActiveCfg = Debug|Any CPU
		{D3F4731D-0107-495D-A85C-8D467015A55E}.Debug|Any CPU.Build.0 = Debug|Any CPU
		{D3F4731D-0107-495D-A85C-8D467015A55E}.Release|Any CPU.ActiveCfg = Release|Any CPU
		{D3F4731D-0107-495D-A85C-8D467015A55E}.Release|Any CPU.Build.0 = Release|Any CPU
	EndGlobalSection
	GlobalSection(SolutionProperties) = preSolution
		HideSolutionNode = FALSE
	EndGlobalSection
	GlobalSection(ExtensibilityGlobals) = postSolution
		SolutionGuid = {BEC3FA8C-A803-4C21-AAE3-BD0812A69D9E}
	EndGlobalSection
EndGlobal
