
Microsoft Visual Studio Solution File, Format Version 12.00
# Visual Studio Version 16
VisualStudioVersion = 16.0.29424.173
MinimumVisualStudioVersion = 10.0.40219.1
Project("{FAE04EC0-301F-11D3-BF4B-00C04F79EFBC}") = "01. Messaging", "..\01. Messaging\01. Messaging.csproj", "{39C652B1-8E8C-4F39-A30D-FAA7263E0902}"
EndProject
Project("{FAE04EC0-301F-11D3-BF4B-00C04F79EFBC}") = "02. Car Race", "..\02. Car Race\02. Car Race.csproj", "{8C0F8F35-074D-4F28-91C6-6D90803EA551}"
EndProject
Project("{FAE04EC0-301F-11D3-BF4B-00C04F79EFBC}") = "03. Take Skip Rope", "..\03. Take Skip Rope\03. Take Skip Rope.csproj", "{DD9D4B9B-1205-4E16-A3CD-77D8F57316E8}"
EndProject
Project("{FAE04EC0-301F-11D3-BF4B-00C04F79EFBC}") = "04. Mixed up Lists", "..\04. Mixed up Lists\04. Mixed up Lists.csproj", "{DDEAF7E6-2871-4CC4-AE59-E0608442D95B}"
EndProject
Project("{FAE04EC0-301F-11D3-BF4B-00C04F79EFBC}") = "05. Drum Set", "..\05. Drum Set\05. Drum Set.csproj", "{DF8868EF-7254-480C-B188-B32273C7DBBD}"
EndProject
Global
	GlobalSection(SolutionConfigurationPlatforms) = preSolution
		Debug|Any CPU = Debug|Any CPU
		Release|Any CPU = Release|Any CPU
	EndGlobalSection
	GlobalSection(ProjectConfigurationPlatforms) = postSolution
		{39C652B1-8E8C-4F39-A30D-FAA7263E0902}.Debug|Any CPU.ActiveCfg = Debug|Any CPU
		{39C652B1-8E8C-4F39-A30D-FAA7263E0902}.Debug|Any CPU.Build.0 = Debug|Any CPU
		{39C652B1-8E8C-4F39-A30D-FAA7263E0902}.Release|Any CPU.ActiveCfg = Release|Any CPU
		{39C652B1-8E8C-4F39-A30D-FAA7263E0902}.Release|Any CPU.Build.0 = Release|Any CPU
		{8C0F8F35-074D-4F28-91C6-6D90803EA551}.Debug|Any CPU.ActiveCfg = Debug|Any CPU
		{8C0F8F35-074D-4F28-91C6-6D90803EA551}.Debug|Any CPU.Build.0 = Debug|Any CPU
		{8C0F8F35-074D-4F28-91C6-6D90803EA551}.Release|Any CPU.ActiveCfg = Release|Any CPU
		{8C0F8F35-074D-4F28-91C6-6D90803EA551}.Release|Any CPU.Build.0 = Release|Any CPU
		{DD9D4B9B-1205-4E16-A3CD-77D8F57316E8}.Debug|Any CPU.ActiveCfg = Debug|Any CPU
		{DD9D4B9B-1205-4E16-A3CD-77D8F57316E8}.Debug|Any CPU.Build.0 = Debug|Any CPU
		{DD9D4B9B-1205-4E16-A3CD-77D8F57316E8}.Release|Any CPU.ActiveCfg = Release|Any CPU
		{DD9D4B9B-1205-4E16-A3CD-77D8F57316E8}.Release|Any CPU.Build.0 = Release|Any CPU
		{DDEAF7E6-2871-4CC4-AE59-E0608442D95B}.Debug|Any CPU.ActiveCfg = Debug|Any CPU
		{DDEAF7E6-2871-4CC4-AE59-E0608442D95B}.Debug|Any CPU.Build.0 = Debug|Any CPU
		{DDEAF7E6-2871-4CC4-AE59-E0608442D95B}.Release|Any CPU.ActiveCfg = Release|Any CPU
		{DDEAF7E6-2871-4CC4-AE59-E0608442D95B}.Release|Any CPU.Build.0 = Release|Any CPU
		{DF8868EF-7254-480C-B188-B32273C7DBBD}.Debug|Any CPU.ActiveCfg = Debug|Any CPU
		{DF8868EF-7254-480C-B188-B32273C7DBBD}.Debug|Any CPU.Build.0 = Debug|Any CPU
		{DF8868EF-7254-480C-B188-B32273C7DBBD}.Release|Any CPU.ActiveCfg = Release|Any CPU
		{DF8868EF-7254-480C-B188-B32273C7DBBD}.Release|Any CPU.Build.0 = Release|Any CPU
	EndGlobalSection
	GlobalSection(SolutionProperties) = preSolution
		HideSolutionNode = FALSE
	EndGlobalSection
	GlobalSection(ExtensibilityGlobals) = postSolution
		SolutionGuid = {77742774-6191-43E3-B897-6F789F742B8C}
	EndGlobalSection
EndGlobal
