
Microsoft Visual Studio Solution File, Format Version 12.00
# Visual Studio Version 16
VisualStudioVersion = 16.0.29424.173
MinimumVisualStudioVersion = 10.0.40219.1
Project("{FAE04EC0-301F-11D3-BF4B-00C04F79EFBC}") = "01. Ranking", "..\01. Ranking\01. Ranking.csproj", "{DBA1297E-BAB2-4DBD-B4CA-6DC11D478407}"
EndProject
Project("{FAE04EC0-301F-11D3-BF4B-00C04F79EFBC}") = "02. Judge", "..\02. Judge\02. Judge.csproj", "{C445ABD5-7542-4760-A816-B4FBE7BC113C}"
EndProject
Project("{FAE04EC0-301F-11D3-BF4B-00C04F79EFBC}") = "03. MOBA Challenger", "..\03. MOBA Challenger\03. MOBA Challenger.csproj", "{BB1E8FFA-83A2-45DD-8FAB-BF7C4F383F2D}"
EndProject
Project("{FAE04EC0-301F-11D3-BF4B-00C04F79EFBC}") = "04. Snowwhite", "..\04. Snowwhite\04. Snowwhite.csproj", "{CA24B6F0-FFB4-423D-8755-A4F6EA2A99C1}"
EndProject
Project("{FAE04EC0-301F-11D3-BF4B-00C04F79EFBC}") = "05. Dragon Army", "..\05. Dragon Army\05. Dragon Army.csproj", "{7ADEB0AE-1F14-4A48-BA43-00E3D3FFE4D8}"
EndProject
Global
	GlobalSection(SolutionConfigurationPlatforms) = preSolution
		Debug|Any CPU = Debug|Any CPU
		Release|Any CPU = Release|Any CPU
	EndGlobalSection
	GlobalSection(ProjectConfigurationPlatforms) = postSolution
		{DBA1297E-BAB2-4DBD-B4CA-6DC11D478407}.Debug|Any CPU.ActiveCfg = Debug|Any CPU
		{DBA1297E-BAB2-4DBD-B4CA-6DC11D478407}.Debug|Any CPU.Build.0 = Debug|Any CPU
		{DBA1297E-BAB2-4DBD-B4CA-6DC11D478407}.Release|Any CPU.ActiveCfg = Release|Any CPU
		{DBA1297E-BAB2-4DBD-B4CA-6DC11D478407}.Release|Any CPU.Build.0 = Release|Any CPU
		{C445ABD5-7542-4760-A816-B4FBE7BC113C}.Debug|Any CPU.ActiveCfg = Debug|Any CPU
		{C445ABD5-7542-4760-A816-B4FBE7BC113C}.Debug|Any CPU.Build.0 = Debug|Any CPU
		{C445ABD5-7542-4760-A816-B4FBE7BC113C}.Release|Any CPU.ActiveCfg = Release|Any CPU
		{C445ABD5-7542-4760-A816-B4FBE7BC113C}.Release|Any CPU.Build.0 = Release|Any CPU
		{BB1E8FFA-83A2-45DD-8FAB-BF7C4F383F2D}.Debug|Any CPU.ActiveCfg = Debug|Any CPU
		{BB1E8FFA-83A2-45DD-8FAB-BF7C4F383F2D}.Debug|Any CPU.Build.0 = Debug|Any CPU
		{BB1E8FFA-83A2-45DD-8FAB-BF7C4F383F2D}.Release|Any CPU.ActiveCfg = Release|Any CPU
		{BB1E8FFA-83A2-45DD-8FAB-BF7C4F383F2D}.Release|Any CPU.Build.0 = Release|Any CPU
		{CA24B6F0-FFB4-423D-8755-A4F6EA2A99C1}.Debug|Any CPU.ActiveCfg = Debug|Any CPU
		{CA24B6F0-FFB4-423D-8755-A4F6EA2A99C1}.Debug|Any CPU.Build.0 = Debug|Any CPU
		{CA24B6F0-FFB4-423D-8755-A4F6EA2A99C1}.Release|Any CPU.ActiveCfg = Release|Any CPU
		{CA24B6F0-FFB4-423D-8755-A4F6EA2A99C1}.Release|Any CPU.Build.0 = Release|Any CPU
		{7ADEB0AE-1F14-4A48-BA43-00E3D3FFE4D8}.Debug|Any CPU.ActiveCfg = Debug|Any CPU
		{7ADEB0AE-1F14-4A48-BA43-00E3D3FFE4D8}.Debug|Any CPU.Build.0 = Debug|Any CPU
		{7ADEB0AE-1F14-4A48-BA43-00E3D3FFE4D8}.Release|Any CPU.ActiveCfg = Release|Any CPU
		{7ADEB0AE-1F14-4A48-BA43-00E3D3FFE4D8}.Release|Any CPU.Build.0 = Release|Any CPU
	EndGlobalSection
	GlobalSection(SolutionProperties) = preSolution
		HideSolutionNode = FALSE
	EndGlobalSection
	GlobalSection(ExtensibilityGlobals) = postSolution
		SolutionGuid = {33C2715E-2F5F-46B0-9D27-9C09A42A2814}
	EndGlobalSection
EndGlobal
