
Microsoft Visual Studio Solution File, Format Version 12.00
# Visual Studio Version 16
VisualStudioVersion = 16.0.30309.148
MinimumVisualStudioVersion = 10.0.40219.1
Project("{9A19103F-16F7-4668-BE54-9A1E7A4F7556}") = "MeTube Statistics", "MeTube Statistics.csproj", "{4E0A9735-6FAE-4CEA-9F93-88495642650B}"
EndProject
Global
	GlobalSection(SolutionConfigurationPlatforms) = preSolution
		Debug|Any CPU = Debug|Any CPU
		Release|Any CPU = Release|Any CPU
	EndGlobalSection
	GlobalSection(ProjectConfigurationPlatforms) = postSolution
		{4E0A9735-6FAE-4CEA-9F93-88495642650B}.Debug|Any CPU.ActiveCfg = Debug|Any CPU
		{4E0A9735-6FAE-4CEA-9F93-88495642650B}.Debug|Any CPU.Build.0 = Debug|Any CPU
		{4E0A9735-6FAE-4CEA-9F93-88495642650B}.Release|Any CPU.ActiveCfg = Release|Any CPU
		{4E0A9735-6FAE-4CEA-9F93-88495642650B}.Release|Any CPU.Build.0 = Release|Any CPU
	EndGlobalSection
	GlobalSection(SolutionProperties) = preSolution
		HideSolutionNode = FALSE
	EndGlobalSection
	GlobalSection(ExtensibilityGlobals) = postSolution
		SolutionGuid = {492F0EFA-4AF5-4FAF-89F0-707F1401B3B1}
	EndGlobalSection
EndGlobal
